
Microsoft Visual Studio Solution File, Format Version 12.00
# Visual Studio Version 17
VisualStudioVersion = 17.1.32210.238
MinimumVisualStudioVersion = 10.0.40219.1
Project("{8BC9CEB8-8B4A-11D0-8D11-00A0C91BC942}") = "A12", "A12.vcxproj", "{489271D6-1717-4B88-8B5E-638FCF950A88}"
EndProject
Global
	GlobalSection(SolutionConfigurationPlatforms) = preSolution
		Debug|x64 = Debug|x64
		Debug|x86 = Debug|x86
		Release|x64 = Release|x64
		Release|x86 = Release|x86
	EndGlobalSection
	GlobalSection(ProjectConfigurationPlatforms) = postSolution
		{489271D6-1717-4B88-8B5E-638FCF950A88}.Debug|x64.ActiveCfg = Debug|x64
		{489271D6-1717-4B88-8B5E-638FCF950A88}.Debug|x64.Build.0 = Debug|x64
		{489271D6-1717-4B88-8B5E-638FCF950A88}.Debug|x86.ActiveCfg = Debug|Win32
		{489271D6-1717-4B88-8B5E-638FCF950A88}.Debug|x86.Build.0 = Debug|Win32
		{489271D6-1717-4B88-8B5E-638FCF950A88}.Release|x64.ActiveCfg = Release|x64
		{489271D6-1717-4B88-8B5E-638FCF950A88}.Release|x64.Build.0 = Release|x64
		{489271D6-1717-4B88-8B5E-638FCF950A88}.Release|x86.ActiveCfg = Release|Win32
		{489271D6-1717-4B88-8B5E-638FCF950A88}.Release|x86.Build.0 = Release|Win32
	EndGlobalSection
	GlobalSection(SolutionProperties) = preSolution
		HideSolutionNode = FALSE
	EndGlobalSection
	GlobalSection(ExtensibilityGlobals) = postSolution
		SolutionGuid = {36E9958B-8486-4428-A2CA-B06FD74DC399}
	EndGlobalSection
EndGlobal
